PODS:
  - SJFluidSegmentedControl (1.1.3)

DEPENDENCIES:
  - SJFluidSegmentedControl (from `../`)

EXTERNAL SOURCES:
  SJFluidSegmentedControl:
    :path: "../"

SPEC CHECKSUMS:
  SJFluidSegmentedControl: ddbe6ca363095c816532ec5f7d1df1b5207eeede

PODFILE CHECKSUM: 4ebff451c2b314f238e155ce021459c2bc6b4e48

COCOAPODS: 1.11.2
